
Microsoft Visual Studio Solution File, Format Version 12.00
Project("{FAE04EC0-301F-11D3-BF4B-00C04F79EFBC}") = "APBD_5", "APBD_5\APBD_5.csproj", "{48D48112-408F-485B-8246-8CF133A92DB2}"
EndProject
Global
	GlobalSection(SolutionConfigurationPlatforms) = preSolution
		Debug|Any CPU = Debug|Any CPU
		Release|Any CPU = Release|Any CPU
	EndGlobalSection
	GlobalSection(ProjectConfigurationPlatforms) = postSolution
		{48D48112-408F-485B-8246-8CF133A92DB2}.Debug|Any CPU.ActiveCfg = Debug|Any CPU
		{48D48112-408F-485B-8246-8CF133A92DB2}.Debug|Any CPU.Build.0 = Debug|Any CPU
		{48D48112-408F-485B-8246-8CF133A92DB2}.Release|Any CPU.ActiveCfg = Release|Any CPU
		{48D48112-408F-485B-8246-8CF133A92DB2}.Release|Any CPU.Build.0 = Release|Any CPU
	EndGlobalSection
EndGlobal
